lockfileVersion: '6.0'

settings:
  autoInstallPeers: true
  excludeLinksFromLockfile: false

dependencies:
  lit:
    specifier: ^3.1.2
    version: 3.1.2

packages:

  /@lit-labs/ssr-dom-shim@1.2.0:
    resolution: {integrity: sha512-yWJKmpGE6lUURKAaIltoPIE/wrbY3TEkqQt+X0m+7fQNnAv0keydnYvbiJFP1PnMhizmIWRWOG5KLhYyc/xl+g==}
    dev: false

  /@lit/reactive-element@2.0.4:
    resolution: {integrity: sha512-GFn91inaUa2oHLak8awSIigYz0cU0Payr1rcFsrkf5OJ5eSPxElyZfKh0f2p9FsTiZWXQdWGJeXZICEfXXYSXQ==}
    dependencies:
      '@lit-labs/ssr-dom-shim': 1.2.0
    dev: false

  /@types/trusted-types@2.0.7:
    resolution: {integrity: sha512-ScaPdn1dQczgbl0QFTeTOmVHFULt394XJgOQNoyVhZ6r2vLnMLJfBPd53SB52T/3G36VI1/g2MZaX0cwDuXsfw==}
    dev: false

  /lit-element@4.0.4:
    resolution: {integrity: sha512-98CvgulX6eCPs6TyAIQoJZBCQPo80rgXR+dVBs61cstJXqtI+USQZAbA4gFHh6L/mxBx9MrgPLHLsUgDUHAcCQ==}
    dependencies:
      '@lit-labs/ssr-dom-shim': 1.2.0
      '@lit/reactive-element': 2.0.4
      lit-html: 3.1.2
    dev: false

  /lit-html@3.1.2:
    resolution: {integrity: sha512-3OBZSUrPnAHoKJ9AMjRL/m01YJxQMf+TMHanNtTHG68ubjnZxK0RFl102DPzsw4mWnHibfZIBJm3LWCZ/LmMvg==}
    dependencies:
      '@types/trusted-types': 2.0.7
    dev: false

  /lit@3.1.2:
    resolution: {integrity: sha512-VZx5iAyMtX7CV4K8iTLdCkMaYZ7ipjJZ0JcSdJ0zIdGxxyurjIn7yuuSxNBD7QmjvcNJwr0JS4cAdAtsy7gZ6w==}
    dependencies:
      '@lit/reactive-element': 2.0.4
      lit-element: 4.0.4
      lit-html: 3.1.2
    dev: false
